{
  "name": "tse-notebook-apidoc",
  "version": "1.0.0",
  "lockfileVersion": 1,
  "requires": true,
  "dependencies": {
    "swagger-ui-dist": {
      "version": "3.23.0",
      "resolved": "https://registry.npmjs.org/swagger-ui-dist/-/swagger-ui-dist-3.23.0.tgz",
      "integrity": "sha512-DMnt69K3p8BwnKf8f8uOqsts/teZNRS4LlXAqjfa8HS2RKWWOCSiVEHkMzY3zlU4wqu/olPdF0zDEm9Ed5JZ4A=="
    }
  }
}
